packages:
  apb:
    revision: 77ddf073f194d44b9119949d2421be59789e69ae
    version: 0.2.4
    source:
      Git: https://github.com/pulp-platform/apb.git
    dependencies:
    - common_cells
  axi:
    revision: f24b1faf7bcf651f1aabdef5e8f99ce2fd817c2e
    version: 0.39.0-beta.9
    source:
      Git: https://github.com/pulp-platform/axi.git
    dependencies:
    - common_cells
    - common_verification
    - tech_cells_generic
  axi2mem:
    revision: 6973e0434d26ba578cdb4aa69c26c1facd1a3f15
    version: null
    source:
      Git: https://github.com/pulp-platform/axi2mem.git
    dependencies:
    - axi_slice
    - common_cells
  axi2per:
    revision: a99ef2fac9f3b087671109a27c766f25e8e0f115
    version: 1.0.1
    source:
      Git: https://github.com/pulp-platform/axi2per.git
    dependencies:
    - axi_slice
  axi_node:
    revision: e2d038004c5b8cec9dd3bb9d23ad0bee72f9d908
    version: 1.1.4
    source:
      Git: git@github.com:pulp-platform/axi_node.git
    dependencies:
    - axi
    - common_cells
  axi_slice:
    revision: a4f72bc21ac4d7da631e8309d9f8d0c34b735c23
    version: 1.1.4
    source:
      Git: https://github.com/pulp-platform/axi_slice.git
    dependencies:
    - common_cells
  cluster_interconnect:
    revision: 89e1019d64a86425211be6200770576cbdf3e8b3
    version: null
    source:
      Git: https://github.com/pulp-platform/cluster_interconnect.git
    dependencies:
    - common_cells
  cluster_peripherals:
    revision: d388a790d9e1129e3ec57b2e0075ee21e454c3b1
    version: 2.1.0
    source:
      Git: https://github.com/pulp-platform/cluster_peripherals.git
    dependencies:
    - hci
  common_cells:
    revision: 4ac82b420e46fd0005513ca2283cb3c905e7599a
    version: 1.29.0
    source:
      Git: https://github.com/pulp-platform/common_cells.git
    dependencies:
    - common_verification
    - tech_cells_generic
  common_verification:
    revision: 9c07fa860593b2caabd9b5681740c25fac04b878
    version: 0.2.3
    source:
      Git: https://github.com/pulp-platform/common_verification.git
    dependencies: []
  cv32e40p:
    revision: 9b77611a1d0c681f4819798d95422b0b895528a2
    version: null
    source:
      Git: https://github.com/pulp-platform/cv32e40p.git
    dependencies:
    - common_cells
    - fpnew
    - tech_cells_generic
  event_unit_flex:
    revision: 53fb3a1093aaaedfe883739fd8a3155d601210bc
    version: null
    source:
      Git: https://github.com/pulp-platform/event_unit_flex.git
    dependencies:
    - common_cells
  fpnew:
    revision: f231041c610f270ffc03cbdac38739ddb6426572
    version: null
    source:
      Git: https://github.com/pulp-platform/cvfpu.git
    dependencies:
    - common_cells
    - fpu_div_sqrt_mvp
  fpu_div_sqrt_mvp:
    revision: 86e1f558b3c95e91577c41b2fc452c86b04e85ac
    version: 1.0.4
    source:
      Git: https://github.com/pulp-platform/fpu_div_sqrt_mvp.git
    dependencies:
    - common_cells
  fpu_interco:
    revision: 0769976fa51bdd820656a01161a4c46b88c59ac5
    version: null
    source:
      Git: https://github.com/pulp-platform/fpu_interco.git
    dependencies:
    - cv32e40p
    - fpnew
  hci:
    revision: b5c11e3645356ed6031d41c85becb7214598c59d
    version: null
    source:
      Git: https://github.com/pulp-platform/hci.git
    dependencies:
    - cluster_interconnect
    - hwpe-stream
    - l2_tcdm_hybrid_interco
  hier-icache:
    revision: a7e3f4e4c7fe607bcd6b9d94db77f612fd6ef6be
    version: null
    source:
      Git: https://github.com/pulp-platform/hier-icache.git
    dependencies:
    - axi_node
    - axi_slice
    - common_cells
    - icache-intc
    - scm
    - tech_cells_generic
  hwpe-ctrl:
    revision: 4bf1487a463c262bf7d8ffee79d1cf392937daa2
    version: 1.7.1
    source:
      Git: https://github.com/pulp-platform/hwpe-ctrl.git
    dependencies:
    - tech_cells_generic
  hwpe-datamover-example:
    revision: 47e7fe8a38331b123d763ecab11be4058d425021
    version: 1.0.1
    source:
      Git: https://github.com/pulp-platform/hwpe-datamover-example.git
    dependencies:
    - hci
    - hwpe-ctrl
    - hwpe-stream
  hwpe-stream:
    revision: ddc154424187dff42a8fcec946c768ceb13f13de
    version: 1.6.4
    source:
      Git: https://github.com/pulp-platform/hwpe-stream.git
    dependencies:
    - tech_cells_generic
  ibex:
    revision: 95b85ddd1c995ace9f89ee42530f9e24820c1051
    version: null
    source:
      Git: https://github.com/lowRISC/ibex.git
    dependencies:
    - tech_cells_generic
  icache-intc:
    revision: 663c3b6d3c2bf63ff25cda46f33c799c647b3985
    version: 1.0.1
    source:
      Git: git@github.com:pulp-platform/icache-intc.git
    dependencies: []
  idma:
    revision: 437ffa9dac5dea0daccfd3e8ae604d4f6ae2cdf1
    version: null
    source:
      Git: https://github.com/pulp-platform/iDMA.git
    dependencies:
    - axi
    - common_cells
    - common_verification
    - register_interface
  l2_tcdm_hybrid_interco:
    revision: fa55e72859dcfb117a2788a77352193bef94ff2b
    version: 1.0.0
    source:
      Git: https://github.com/pulp-platform/L2_tcdm_hybrid_interco.git
    dependencies: []
  mchan:
    revision: 7f064f205a3e0203e959b14773c4afecf56681ab
    version: null
    source:
      Git: https://github.com/pulp-platform/mchan.git
    dependencies:
    - common_cells
  per2axi:
    revision: 892fcad60b6374fe558cbde76f4a529d473ba5ca
    version: 1.0.4
    source:
      Git: https://github.com/pulp-platform/per2axi.git
    dependencies:
    - axi_slice
  redmule:
    revision: c7478dafc96ccfef9dbb5f2b246371d42e9cae19
    version: null
    source:
      Git: https://github.com/pulp-platform/redmule.git
    dependencies:
    - common_cells
    - cv32e40p
    - fpnew
    - hci
    - hwpe-ctrl
    - hwpe-stream
    - tech_cells_generic
  redundancy_cells:
    revision: 6e10650b50c7b40f7f81602acf61526330c4d69d
    version: null
    source:
      Git: https://github.com/pulp-platform/redundancy_cells.git
    dependencies:
    - common_cells
    - common_verification
    - register_interface
    - tech_cells_generic
  register_interface:
    revision: 19163bb5191d2669a8cbc267cdd4ce8e60f20746
    version: null
    source:
      Git: https://github.com/pulp-platform/register_interface.git
    dependencies:
    - apb
    - axi
    - common_cells
    - common_verification
  riscv:
    revision: 4ceb402db8619718a9170058bb31f75fcdf7ed1c
    version: null
    source:
      Git: git@github.com:AlSaqr-platform/riscv_nn.git
    dependencies:
    - fpnew
    - tech_cells_generic
  scm:
    revision: f7b51416f3c407e4c31e9c016616d57aae2687bd
    version: null
    source:
      Git: https://github.com/pulp-platform/scm.git
    dependencies:
    - tech_cells_generic
  tech_cells_generic:
    revision: a9cae21902e75b1434328ecf36f85327ba5717de
    version: 0.2.11
    source:
      Git: https://github.com/pulp-platform/tech_cells_generic.git
    dependencies:
    - common_verification
  timer_unit:
    revision: 4c69615c89db9397a9747d6f6d6a36727854f0bc
    version: 1.0.3
    source:
      Git: https://github.com/pulp-platform/timer_unit.git
    dependencies: []
