packages:
  apb:
    revision: 77ddf073f194d44b9119949d2421be59789e69ae
    version: 0.2.4
    source:
      Git: https://github.com/pulp-platform/apb.git
    dependencies:
    - common_cells
  axi:
    revision: fccffb5953ec8564218ba05e20adbedec845e014
    version: 0.39.1
    source:
      Git: https://github.com/pulp-platform/axi.git
    dependencies:
    - common_cells
    - common_verification
    - tech_cells_generic
  axi2mem:
    revision: b0e963433b2f6a61262b1448031e74eaec57c203
    version: null
    source:
      Git: https://github.com/pulp-platform/axi2mem.git
    dependencies:
    - axi_slice
    - common_cells
  axi2per:
    revision: 4932bd2b88a1c7b5f0bf95411fc512905ed32439
    version: null
    source:
      Git: https://github.com/pulp-platform/axi2per.git
    dependencies:
    - axi_slice
  axi_slice:
    revision: a4f72bc21ac4d7da631e8309d9f8d0c34b735c23
    version: 1.1.4
    source:
      Git: https://github.com/pulp-platform/axi_slice.git
    dependencies:
    - common_cells
  cluster_interconnect:
    revision: 89e1019d64a86425211be6200770576cbdf3e8b3
    version: null
    source:
      Git: https://github.com/pulp-platform/cluster_interconnect.git
    dependencies:
    - common_cells
  cluster_peripherals:
    revision: 8a9f62dafb5ec23c6cd361847ff0047e12befca4
    version: null
    source:
      Git: https://github.com/pulp-platform/cluster_peripherals.git
    dependencies:
    - hci
  common_cells:
    revision: ad22699793d98ef714f120c6268fe92d096a61e1
    version: 1.33.1
    source:
      Git: https://github.com/pulp-platform/common_cells.git
    dependencies:
    - common_verification
    - tech_cells_generic
  common_verification:
    revision: 9c07fa860593b2caabd9b5681740c25fac04b878
    version: 0.2.3
    source:
      Git: https://github.com/pulp-platform/common_verification.git
    dependencies: []
  cv32e40p:
    revision: e863f576699815b38cc9d80dbdede8ed5efd5991
    version: null
    source:
      Git: https://github.com/pulp-platform/cv32e40p.git
    dependencies:
    - common_cells
    - fpnew
    - tech_cells_generic
  event_unit_flex:
    revision: 28e0499374117c7b0ef4c6ad81b60d7526af886f
    version: null
    source:
      Git: https://github.com/pulp-platform/event_unit_flex.git
    dependencies:
    - common_cells
  fpnew:
    revision: a8e0cba6dd50f357ece73c2c955d96efc3c6c315
    version: null
    source:
      Git: https://github.com/pulp-platform/cvfpu.git
    dependencies:
    - common_cells
    - fpu_div_sqrt_mvp
  fpu_div_sqrt_mvp:
    revision: 86e1f558b3c95e91577c41b2fc452c86b04e85ac
    version: 1.0.4
    source:
      Git: https://github.com/pulp-platform/fpu_div_sqrt_mvp.git
    dependencies:
    - common_cells
  hci:
    revision: e47627c20b33bcaf4842c1add81fb888b4f12a9d
    version: null
    source:
      Git: https://github.com/pulp-platform/hci.git
    dependencies:
    - cluster_interconnect
    - hwpe-stream
    - l2_tcdm_hybrid_interco
  hier-icache:
    revision: 2886cb2a46cea3e2bd2d979b505d88fadfbe150c
    version: null
    source:
      Git: https://github.com/pulp-platform/hier-icache.git
    dependencies:
    - axi
    - axi_slice
    - common_cells
    - icache-intc
    - scm
    - tech_cells_generic
  hwpe-ctrl:
    revision: a5966201aeeb988d607accdc55da933a53c6a56e
    version: null
    source:
      Git: https://github.com/pulp-platform/hwpe-ctrl.git
    dependencies:
    - tech_cells_generic
  hwpe-stream:
    revision: 65c99a4a2f37a79acee800ab0151f67dfb1edef1
    version: 1.8.0
    source:
      Git: https://github.com/pulp-platform/hwpe-stream.git
    dependencies:
    - tech_cells_generic
  ibex:
    revision: b18f7ef178ed07f5085051f96042c670a919fd5c
    version: null
    source:
      Git: https://github.com/pulp-platform/ibex.git
    dependencies:
    - tech_cells_generic
  icache-intc:
    revision: 663c3b6d3c2bf63ff25cda46f33c799c647b3985
    version: 1.0.1
    source:
      Git: https://github.com/pulp-platform/icache-intc.git
    dependencies: []
  idma:
    revision: 437ffa9dac5dea0daccfd3e8ae604d4f6ae2cdf1
    version: null
    source:
      Git: https://github.com/pulp-platform/iDMA.git
    dependencies:
    - axi
    - common_cells
    - common_verification
    - register_interface
  l2_tcdm_hybrid_interco:
    revision: fa55e72859dcfb117a2788a77352193bef94ff2b
    version: 1.0.0
    source:
      Git: https://github.com/pulp-platform/L2_tcdm_hybrid_interco.git
    dependencies: []
  mchan:
    revision: 7f064f205a3e0203e959b14773c4afecf56681ab
    version: null
    source:
      Git: https://github.com/pulp-platform/mchan.git
    dependencies:
    - common_cells
  neureka:
    revision: 3131e87c40118f75e11a1ff9bae60fe764336a19
    version: null
    source:
      Git: https://github.com/pulp-platform/neureka.git
    dependencies:
    - hci
    - hwpe-ctrl
    - hwpe-stream
  per2axi:
    revision: 95bf23119b47fc171d9ed3734c431f71cffd9350
    version: null
    source:
      Git: https://github.com/pulp-platform/per2axi.git
    dependencies:
    - axi_slice
  redmule:
    revision: 68999ccc922b10a5043bb98f67aaf3d8d8d59f3f
    version: null
    source:
      Git: https://github.com/pulp-platform/redmule.git
    dependencies:
    - common_cells
    - cv32e40p
    - fpnew
    - hci
    - hwpe-ctrl
    - hwpe-stream
    - tech_cells_generic
  redundancy_cells:
    revision: c37bdb47339bf70e8323de8df14ea8bbeafb6583
    version: null
    source:
      Git: https://github.com/pulp-platform/redundancy_cells.git
    dependencies:
    - common_cells
    - common_verification
    - register_interface
    - tech_cells_generic
  register_interface:
    revision: 19163bb5191d2669a8cbc267cdd4ce8e60f20746
    version: null
    source:
      Git: https://github.com/pulp-platform/register_interface.git
    dependencies:
    - apb
    - axi
    - common_cells
    - common_verification
  riscv:
    revision: c760db14dbd6cc3ec3b8ae8274df2eac7225bcac
    version: null
    source:
      Git: https://github.com/AlSaqr-platform/riscv_nn.git
    dependencies:
    - fpnew
    - tech_cells_generic
  scm:
    revision: 74426dee36f28ae1c02f7635cf844a0156145320
    version: null
    source:
      Git: https://github.com/pulp-platform/scm.git
    dependencies:
    - tech_cells_generic
  tech_cells_generic:
    revision: a9cae21902e75b1434328ecf36f85327ba5717de
    version: 0.2.11
    source:
      Git: https://github.com/pulp-platform/tech_cells_generic.git
    dependencies:
    - common_verification
  timer_unit:
    revision: 4c69615c89db9397a9747d6f6d6a36727854f0bc
    version: 1.0.3
    source:
      Git: https://github.com/pulp-platform/timer_unit.git
    dependencies: []
